
Microsoft Visual Studio Solution File, Format Version 12.00
# Visual Studio Version 16
VisualStudioVersion = 16.0.29123.88
MinimumVisualStudioVersion = 10.0.40219.1
Project("{FAE04EC0-301F-11D3-BF4B-00C04F79EFBC}") = "AppCenterWPF", "AppCenterWPF\AppCenterWPF.csproj", "{30302472-BCFA-4738-B05A-92EB127819F8}"
EndProject
Global
	GlobalSection(SolutionConfigurationPlatforms) = preSolution
		Debug|Any CPU = Debug|Any CPU
		Release|Any CPU = Release|Any CPU
	EndGlobalSection
	GlobalSection(ProjectConfigurationPlatforms) = postSolution
		{30302472-BCFA-4738-B05A-92EB127819F8}.Debug|Any CPU.ActiveCfg = Debug|Any CPU
		{30302472-BCFA-4738-B05A-92EB127819F8}.Debug|Any CPU.Build.0 = Debug|Any CPU
		{30302472-BCFA-4738-B05A-92EB127819F8}.Release|Any CPU.ActiveCfg = Release|Any CPU
		{30302472-BCFA-4738-B05A-92EB127819F8}.Release|Any CPU.Build.0 = Release|Any CPU
	EndGlobalSection
	GlobalSection(SolutionProperties) = preSolution
		HideSolutionNode = FALSE
	EndGlobalSection
	GlobalSection(ExtensibilityGlobals) = postSolution
		SolutionGuid = {BAB35F6C-4A52-46E5-95BE-BFDE51C3BBD2}
	EndGlobalSection
EndGlobal
